
Microsoft Visual Studio Solution File, Format Version 12.00
# Visual Studio Version 16
VisualStudioVersion = 16.0.30523.141
MinimumVisualStudioVersion = 10.0.40219.1
Project("{9A19103F-16F7-4668-BE54-9A1E7A4F7556}") = "TesteCrud.Api", "Api\TesteCrud.Api.csproj", "{DD895D4D-AB20-47AC-912F-57C39500BFD7}"
EndProject
Project("{9A19103F-16F7-4668-BE54-9A1E7A4F7556}") = "TesteCrud.UnitTest", "UnitTest\TesteCrud.UnitTest.csproj", "{108D8485-83B8-4D6F-AC0B-49209F4F1F74}"
EndProject
Global
	GlobalSection(SolutionConfigurationPlatforms) = preSolution
		Debug|Any CPU = Debug|Any CPU
		Release|Any CPU = Release|Any CPU
	EndGlobalSection
	GlobalSection(ProjectConfigurationPlatforms) = postSolution
		{DD895D4D-AB20-47AC-912F-57C39500BFD7}.Debug|Any CPU.ActiveCfg = Debug|Any CPU
		{DD895D4D-AB20-47AC-912F-57C39500BFD7}.Debug|Any CPU.Build.0 = Debug|Any CPU
		{DD895D4D-AB20-47AC-912F-57C39500BFD7}.Release|Any CPU.ActiveCfg = Release|Any CPU
		{DD895D4D-AB20-47AC-912F-57C39500BFD7}.Release|Any CPU.Build.0 = Release|Any CPU
		{108D8485-83B8-4D6F-AC0B-49209F4F1F74}.Debug|Any CPU.ActiveCfg = Debug|Any CPU
		{108D8485-83B8-4D6F-AC0B-49209F4F1F74}.Debug|Any CPU.Build.0 = Debug|Any CPU
		{108D8485-83B8-4D6F-AC0B-49209F4F1F74}.Release|Any CPU.ActiveCfg = Release|Any CPU
		{108D8485-83B8-4D6F-AC0B-49209F4F1F74}.Release|Any CPU.Build.0 = Release|Any CPU
	EndGlobalSection
	GlobalSection(SolutionProperties) = preSolution
		HideSolutionNode = FALSE
	EndGlobalSection
	GlobalSection(ExtensibilityGlobals) = postSolution
		SolutionGuid = {28166FF2-B5F7-4576-892F-565E05AFD70A}
	EndGlobalSection
EndGlobal
